
Microsoft Visual Studio Solution File, Format Version 12.00
# Visual Studio Version 17
VisualStudioVersion = 17.8.34004.107
MinimumVisualStudioVersion = 10.0.40219.1
Project("{2150E333-8FDC-42A3-9474-1A3956D46DE8}") = "01 Base", "01 Base", "{02EA681E-C7D8-13C7-8484-4AC65E1B71E8}"
EndProject
Project("{FAE04EC0-301F-11D3-BF4B-00C04F79EFBC}") = "DataEntities", "src\DataEntities\DataEntities.csproj", "{91D3B56B-4F8F-6465-019D-873EE980BBBE}"
EndProject
Project("{FAE04EC0-301F-11D3-BF4B-00C04F79EFBC}") = "SearchEntities", "src\SearchEntities\SearchEntities.csproj", "{3DD45A1A-D2DE-4F54-7E24-AF4BEFE081EF}"
EndProject
Project("{FAE04EC0-301F-11D3-BF4B-00C04F79EFBC}") = "Products", "src\Products\Products.csproj", "{AFDB87AF-494E-24D3-2059-322C81274888}"
EndProject
Project("{FAE04EC0-301F-11D3-BF4B-00C04F79EFBC}") = "Store", "src\Store\Store.csproj", "{E67F5D56-E297-15C7-FBEB-E321EFB86798}"
EndProject
Project("{2150E333-8FDC-42A3-9474-1A3956D46DE8}") = "02 Aspire", "02 Aspire", "{2A4B3523-F0CB-4F60-A244-71EE89B31357}"
EndProject
Project("{FAE04EC0-301F-11D3-BF4B-00C04F79EFBC}") = "DataEntities", "02 Apire Azure Samples\DataEntities\DataEntities.csproj", "{B0D62746-A249-4AE7-E267-0104D576E10E}"
EndProject
Project("{FAE04EC0-301F-11D3-BF4B-00C04F79EFBC}") = "SearchEntities", "02 Apire Azure Samples\SearchEntities\SearchEntities.csproj", "{031A5527-C1C0-D931-B7F9-D0F5EEE98BF5}"
EndProject
Project("{FAE04EC0-301F-11D3-BF4B-00C04F79EFBC}") = "VectorEntities", "02 Apire Azure Samples\VectorEntities\VectorEntities.csproj", "{00BD68F5-C273-5B0A-2C3E-EBAB9358AA8F}"
EndProject
Project("{FAE04EC0-301F-11D3-BF4B-00C04F79EFBC}") = "eShopServiceDefaults", "02 Apire Azure Samples\eShopServiceDefaults\eShopServiceDefaults.csproj", "{5A9F0EB7-DD68-A00F-0C8F-7866DBD9955B}"
EndProject
Project("{FAE04EC0-301F-11D3-BF4B-00C04F79EFBC}") = "Products", "02 Apire Azure Samples\Products\Products.csproj", "{2FC5BE42-8443-25AB-3AA7-F50CF4A5A747}"
EndProject
Project("{FAE04EC0-301F-11D3-BF4B-00C04F79EFBC}") = "Store", "02 Apire Azure Samples\Store\Store.csproj", "{A9FDCE46-EBE3-760B-6ED1-666E2441183E}"
EndProject
Project("{FAE04EC0-301F-11D3-BF4B-00C04F79EFBC}") = "eShopAppHost", "02 Apire Azure Samples\eShopAppHost\eShopAppHost.csproj", "{B7EA2B42-807D-8D9A-F0DA-AD3BA56157C0}"
EndProject
Project("{2150E333-8FDC-42A3-9474-1A3956D46DE8}") = "1 Aspire", "1 Aspire", "{C8CC6B37-73E4-4AB6-ABD0-600F3FF0DED4}"
EndProject
Project("{2150E333-8FDC-42A3-9474-1A3956D46DE8}") = "2 App", "2 App", "{19CD67B4-2BF5-4D49-AB5E-7B3F5DB905BA}"
EndProject
Project("{2150E333-8FDC-42A3-9474-1A3956D46DE8}") = "3 Entities", "3 Entities", "{E16F830C-DB60-4C31-B02A-14D99D151431}"
EndProject
Global
	GlobalSection(SolutionConfigurationPlatforms) = preSolution
		Debug|Any CPU = Debug|Any CPU
		Release|Any CPU = Release|Any CPU
	EndGlobalSection
	GlobalSection(ProjectConfigurationPlatforms) = postSolution
		{91D3B56B-4F8F-6465-019D-873EE980BBBE}.Debug|Any CPU.ActiveCfg = Debug|Any CPU
		{91D3B56B-4F8F-6465-019D-873EE980BBBE}.Debug|Any CPU.Build.0 = Debug|Any CPU
		{91D3B56B-4F8F-6465-019D-873EE980BBBE}.Release|Any CPU.ActiveCfg = Release|Any CPU
		{91D3B56B-4F8F-6465-019D-873EE980BBBE}.Release|Any CPU.Build.0 = Release|Any CPU
		{3DD45A1A-D2DE-4F54-7E24-AF4BEFE081EF}.Debug|Any CPU.ActiveCfg = Debug|Any CPU
		{3DD45A1A-D2DE-4F54-7E24-AF4BEFE081EF}.Debug|Any CPU.Build.0 = Debug|Any CPU
		{3DD45A1A-D2DE-4F54-7E24-AF4BEFE081EF}.Release|Any CPU.ActiveCfg = Release|Any CPU
		{3DD45A1A-D2DE-4F54-7E24-AF4BEFE081EF}.Release|Any CPU.Build.0 = Release|Any CPU
		{AFDB87AF-494E-24D3-2059-322C81274888}.Debug|Any CPU.ActiveCfg = Debug|Any CPU
		{AFDB87AF-494E-24D3-2059-322C81274888}.Debug|Any CPU.Build.0 = Debug|Any CPU
		{AFDB87AF-494E-24D3-2059-322C81274888}.Release|Any CPU.ActiveCfg = Release|Any CPU
		{AFDB87AF-494E-24D3-2059-322C81274888}.Release|Any CPU.Build.0 = Release|Any CPU
		{E67F5D56-E297-15C7-FBEB-E321EFB86798}.Debug|Any CPU.ActiveCfg = Debug|Any CPU
		{E67F5D56-E297-15C7-FBEB-E321EFB86798}.Debug|Any CPU.Build.0 = Debug|Any CPU
		{E67F5D56-E297-15C7-FBEB-E321EFB86798}.Release|Any CPU.ActiveCfg = Release|Any CPU
		{E67F5D56-E297-15C7-FBEB-E321EFB86798}.Release|Any CPU.Build.0 = Release|Any CPU
		{B0D62746-A249-4AE7-E267-0104D576E10E}.Debug|Any CPU.ActiveCfg = Debug|Any CPU
		{B0D62746-A249-4AE7-E267-0104D576E10E}.Debug|Any CPU.Build.0 = Debug|Any CPU
		{B0D62746-A249-4AE7-E267-0104D576E10E}.Release|Any CPU.ActiveCfg = Release|Any CPU
		{B0D62746-A249-4AE7-E267-0104D576E10E}.Release|Any CPU.Build.0 = Release|Any CPU
		{031A5527-C1C0-D931-B7F9-D0F5EEE98BF5}.Debug|Any CPU.ActiveCfg = Debug|Any CPU
		{031A5527-C1C0-D931-B7F9-D0F5EEE98BF5}.Debug|Any CPU.Build.0 = Debug|Any CPU
		{031A5527-C1C0-D931-B7F9-D0F5EEE98BF5}.Release|Any CPU.ActiveCfg = Release|Any CPU
		{031A5527-C1C0-D931-B7F9-D0F5EEE98BF5}.Release|Any CPU.Build.0 = Release|Any CPU
		{00BD68F5-C273-5B0A-2C3E-EBAB9358AA8F}.Debug|Any CPU.ActiveCfg = Debug|Any CPU
		{00BD68F5-C273-5B0A-2C3E-EBAB9358AA8F}.Debug|Any CPU.Build.0 = Debug|Any CPU
		{00BD68F5-C273-5B0A-2C3E-EBAB9358AA8F}.Release|Any CPU.ActiveCfg = Release|Any CPU
		{00BD68F5-C273-5B0A-2C3E-EBAB9358AA8F}.Release|Any CPU.Build.0 = Release|Any CPU
		{5A9F0EB7-DD68-A00F-0C8F-7866DBD9955B}.Debug|Any CPU.ActiveCfg = Debug|Any CPU
		{5A9F0EB7-DD68-A00F-0C8F-7866DBD9955B}.Debug|Any CPU.Build.0 = Debug|Any CPU
		{5A9F0EB7-DD68-A00F-0C8F-7866DBD9955B}.Release|Any CPU.ActiveCfg = Release|Any CPU
		{5A9F0EB7-DD68-A00F-0C8F-7866DBD9955B}.Release|Any CPU.Build.0 = Release|Any CPU
		{2FC5BE42-8443-25AB-3AA7-F50CF4A5A747}.Debug|Any CPU.ActiveCfg = Debug|Any CPU
		{2FC5BE42-8443-25AB-3AA7-F50CF4A5A747}.Debug|Any CPU.Build.0 = Debug|Any CPU
		{2FC5BE42-8443-25AB-3AA7-F50CF4A5A747}.Release|Any CPU.ActiveCfg = Release|Any CPU
		{2FC5BE42-8443-25AB-3AA7-F50CF4A5A747}.Release|Any CPU.Build.0 = Release|Any CPU
		{A9FDCE46-EBE3-760B-6ED1-666E2441183E}.Debug|Any CPU.ActiveCfg = Debug|Any CPU
		{A9FDCE46-EBE3-760B-6ED1-666E2441183E}.Debug|Any CPU.Build.0 = Debug|Any CPU
		{A9FDCE46-EBE3-760B-6ED1-666E2441183E}.Release|Any CPU.ActiveCfg = Release|Any CPU
		{A9FDCE46-EBE3-760B-6ED1-666E2441183E}.Release|Any CPU.Build.0 = Release|Any CPU
		{B7EA2B42-807D-8D9A-F0DA-AD3BA56157C0}.Debug|Any CPU.ActiveCfg = Debug|Any CPU
		{B7EA2B42-807D-8D9A-F0DA-AD3BA56157C0}.Debug|Any CPU.Build.0 = Debug|Any CPU
		{B7EA2B42-807D-8D9A-F0DA-AD3BA56157C0}.Release|Any CPU.ActiveCfg = Release|Any CPU
		{B7EA2B42-807D-8D9A-F0DA-AD3BA56157C0}.Release|Any CPU.Build.0 = Release|Any CPU
	EndGlobalSection
	GlobalSection(SolutionProperties) = preSolution
		HideSolutionNode = FALSE
	EndGlobalSection
	GlobalSection(NestedProjects) = preSolution
		{91D3B56B-4F8F-6465-019D-873EE980BBBE} = {02EA681E-C7D8-13C7-8484-4AC65E1B71E8}
		{3DD45A1A-D2DE-4F54-7E24-AF4BEFE081EF} = {02EA681E-C7D8-13C7-8484-4AC65E1B71E8}
		{AFDB87AF-494E-24D3-2059-322C81274888} = {02EA681E-C7D8-13C7-8484-4AC65E1B71E8}
		{E67F5D56-E297-15C7-FBEB-E321EFB86798} = {02EA681E-C7D8-13C7-8484-4AC65E1B71E8}
		{B0D62746-A249-4AE7-E267-0104D576E10E} = {E16F830C-DB60-4C31-B02A-14D99D151431}
		{031A5527-C1C0-D931-B7F9-D0F5EEE98BF5} = {E16F830C-DB60-4C31-B02A-14D99D151431}
		{00BD68F5-C273-5B0A-2C3E-EBAB9358AA8F} = {E16F830C-DB60-4C31-B02A-14D99D151431}
		{5A9F0EB7-DD68-A00F-0C8F-7866DBD9955B} = {C8CC6B37-73E4-4AB6-ABD0-600F3FF0DED4}
		{2FC5BE42-8443-25AB-3AA7-F50CF4A5A747} = {19CD67B4-2BF5-4D49-AB5E-7B3F5DB905BA}
		{A9FDCE46-EBE3-760B-6ED1-666E2441183E} = {19CD67B4-2BF5-4D49-AB5E-7B3F5DB905BA}
		{B7EA2B42-807D-8D9A-F0DA-AD3BA56157C0} = {C8CC6B37-73E4-4AB6-ABD0-600F3FF0DED4}
		{C8CC6B37-73E4-4AB6-ABD0-600F3FF0DED4} = {2A4B3523-F0CB-4F60-A244-71EE89B31357}
		{19CD67B4-2BF5-4D49-AB5E-7B3F5DB905BA} = {2A4B3523-F0CB-4F60-A244-71EE89B31357}
		{E16F830C-DB60-4C31-B02A-14D99D151431} = {2A4B3523-F0CB-4F60-A244-71EE89B31357}
	EndGlobalSection
	GlobalSection(ExtensibilityGlobals) = postSolution
		SolutionGuid = {F9C7AE25-263B-4A02-9BC0-632370BB1004}
	EndGlobalSection
EndGlobal
